
Microsoft Visual Studio Solution File, Format Version 12.00
# Visual Studio Version 17
VisualStudioVersion = 17.4.33103.184
MinimumVisualStudioVersion = 10.0.40219.1
Project("{9A19103F-16F7-4668-BE54-9A1E7A4F7556}") = "Apresentacao", "Apresentacao\Apresentacao.csproj", "{F80F3FFD-A550-40B3-B9E9-B614B6F8A0BB}"
EndProject
Project("{FAE04EC0-301F-11D3-BF4B-00C04F79EFBC}") = "Dominio", "Dominio\Dominio.csproj", "{5DE9A003-840C-476D-9C3B-BC1628F62C94}"
EndProject
Project("{FAE04EC0-301F-11D3-BF4B-00C04F79EFBC}") = "Infraestrutura", "Infraestrutura\Infraestrutura.csproj", "{D1DA89D1-62E4-48B8-A272-B3FBA5CA58A9}"
EndProject
Project("{FAE04EC0-301F-11D3-BF4B-00C04F79EFBC}") = "InjecaoDependencias", "InjecaoDependencias\InjecaoDependencias.csproj", "{2A896DFF-DFA5-40A0-BF73-62B8762F1C44}"
EndProject
Global
	GlobalSection(SolutionConfigurationPlatforms) = preSolution
		Debug|Any CPU = Debug|Any CPU
		Hamachi|Any CPU = Hamachi|Any CPU
		RedeLocal|Any CPU = RedeLocal|Any CPU
		Release|Any CPU = Release|Any CPU
	EndGlobalSection
	GlobalSection(ProjectConfigurationPlatforms) = postSolution
		{F80F3FFD-A550-40B3-B9E9-B614B6F8A0BB}.Debug|Any CPU.ActiveCfg = Debug|Any CPU
		{F80F3FFD-A550-40B3-B9E9-B614B6F8A0BB}.Debug|Any CPU.Build.0 = Debug|Any CPU
		{F80F3FFD-A550-40B3-B9E9-B614B6F8A0BB}.Debug|Any CPU.Deploy.0 = Debug|Any CPU
		{F80F3FFD-A550-40B3-B9E9-B614B6F8A0BB}.Hamachi|Any CPU.ActiveCfg = Debug|Any CPU
		{F80F3FFD-A550-40B3-B9E9-B614B6F8A0BB}.Hamachi|Any CPU.Build.0 = Debug|Any CPU
		{F80F3FFD-A550-40B3-B9E9-B614B6F8A0BB}.Hamachi|Any CPU.Deploy.0 = Debug|Any CPU
		{F80F3FFD-A550-40B3-B9E9-B614B6F8A0BB}.RedeLocal|Any CPU.ActiveCfg = Release|Any CPU
		{F80F3FFD-A550-40B3-B9E9-B614B6F8A0BB}.RedeLocal|Any CPU.Build.0 = Release|Any CPU
		{F80F3FFD-A550-40B3-B9E9-B614B6F8A0BB}.RedeLocal|Any CPU.Deploy.0 = Release|Any CPU
		{F80F3FFD-A550-40B3-B9E9-B614B6F8A0BB}.Release|Any CPU.ActiveCfg = Release|Any CPU
		{F80F3FFD-A550-40B3-B9E9-B614B6F8A0BB}.Release|Any CPU.Build.0 = Release|Any CPU
		{F80F3FFD-A550-40B3-B9E9-B614B6F8A0BB}.Release|Any CPU.Deploy.0 = Release|Any CPU
		{5DE9A003-840C-476D-9C3B-BC1628F62C94}.Debug|Any CPU.ActiveCfg = Debug|Any CPU
		{5DE9A003-840C-476D-9C3B-BC1628F62C94}.Debug|Any CPU.Build.0 = Debug|Any CPU
		{5DE9A003-840C-476D-9C3B-BC1628F62C94}.Hamachi|Any CPU.ActiveCfg = Debug|Any CPU
		{5DE9A003-840C-476D-9C3B-BC1628F62C94}.Hamachi|Any CPU.Build.0 = Debug|Any CPU
		{5DE9A003-840C-476D-9C3B-BC1628F62C94}.RedeLocal|Any CPU.ActiveCfg = Release|Any CPU
		{5DE9A003-840C-476D-9C3B-BC1628F62C94}.RedeLocal|Any CPU.Build.0 = Release|Any CPU
		{5DE9A003-840C-476D-9C3B-BC1628F62C94}.Release|Any CPU.ActiveCfg = Release|Any CPU
		{5DE9A003-840C-476D-9C3B-BC1628F62C94}.Release|Any CPU.Build.0 = Release|Any CPU
		{D1DA89D1-62E4-48B8-A272-B3FBA5CA58A9}.Debug|Any CPU.ActiveCfg = Debug|Any CPU
		{D1DA89D1-62E4-48B8-A272-B3FBA5CA58A9}.Debug|Any CPU.Build.0 = Debug|Any CPU
		{D1DA89D1-62E4-48B8-A272-B3FBA5CA58A9}.Hamachi|Any CPU.ActiveCfg = Debug|Any CPU
		{D1DA89D1-62E4-48B8-A272-B3FBA5CA58A9}.Hamachi|Any CPU.Build.0 = Debug|Any CPU
		{D1DA89D1-62E4-48B8-A272-B3FBA5CA58A9}.RedeLocal|Any CPU.ActiveCfg = Release|Any CPU
		{D1DA89D1-62E4-48B8-A272-B3FBA5CA58A9}.RedeLocal|Any CPU.Build.0 = Release|Any CPU
		{D1DA89D1-62E4-48B8-A272-B3FBA5CA58A9}.Release|Any CPU.ActiveCfg = Release|Any CPU
		{D1DA89D1-62E4-48B8-A272-B3FBA5CA58A9}.Release|Any CPU.Build.0 = Release|Any CPU
		{2A896DFF-DFA5-40A0-BF73-62B8762F1C44}.Debug|Any CPU.ActiveCfg = Debug|Any CPU
		{2A896DFF-DFA5-40A0-BF73-62B8762F1C44}.Debug|Any CPU.Build.0 = Debug|Any CPU
		{2A896DFF-DFA5-40A0-BF73-62B8762F1C44}.Hamachi|Any CPU.ActiveCfg = Debug|Any CPU
		{2A896DFF-DFA5-40A0-BF73-62B8762F1C44}.Hamachi|Any CPU.Build.0 = Debug|Any CPU
		{2A896DFF-DFA5-40A0-BF73-62B8762F1C44}.RedeLocal|Any CPU.ActiveCfg = Release|Any CPU
		{2A896DFF-DFA5-40A0-BF73-62B8762F1C44}.RedeLocal|Any CPU.Build.0 = Release|Any CPU
		{2A896DFF-DFA5-40A0-BF73-62B8762F1C44}.Release|Any CPU.ActiveCfg = Release|Any CPU
		{2A896DFF-DFA5-40A0-BF73-62B8762F1C44}.Release|Any CPU.Build.0 = Release|Any CPU
	EndGlobalSection
	GlobalSection(SolutionProperties) = preSolution
		HideSolutionNode = FALSE
	EndGlobalSection
	GlobalSection(ExtensibilityGlobals) = postSolution
		SolutionGuid = {A410C1F8-92AD-4362-9C43-5A7ADE187F4A}
	EndGlobalSection
EndGlobal
